{
  "nodes": {
    "flake-utils": {
      "locked": {
        "lastModified": 1680946745,
        "narHash": "sha256-KqGlwg9UTDsFBZZB8wzXgMnc8XQm95LtSbFvBsnqkPI=",
        "owner": "numtide",
        "repo": "flake-utils",
        "rev": "946da791763db1c306b86a8bd3828bf5814a1247",
        "type": "github"
      },
      "original": {
        "owner": "numtide",
        "repo": "flake-utils",
        "type": "github"
      }
    },
    "flake-utils_2": {
      "locked": {
        "lastModified": 1659877975,
        "narHash": "sha256-zllb8aq3YO3h8B/U0/J1WBgAL8EX5yWf5pMj3G0NAmc=",
        "owner": "numtide",
        "repo": "flake-utils",
        "rev": "c0e246b9b83f637f4681389ecabcb2681b4f3af0",
        "type": "github"
      },
      "original": {
        "owner": "numtide",
        "repo": "flake-utils",
        "type": "github"
      }
    },
    "nixpkgs": {
      "locked": {
        "lastModified": 1669833724,
        "narHash": "sha256-/HEZNyGbnQecrgJnfE8d0WC5c1xuPSD2LUpB6YXlg4c=",
        "owner": "NixOS",
        "repo": "nixpkgs",
        "rev": "4d2b37a84fad1091b9de401eb450aae66f1a741e",
        "type": "github"
      },
      "original": {
        "owner": "NixOS",
        "ref": "22.11",
        "repo": "nixpkgs",
        "type": "github"
      }
    },
    "nixpkgs-unstable": {
      "locked": {
        "lastModified": 1681005402,
        "narHash": "sha256-VAuNLVy5rtpzb3j4yedOF0MqBl83x6YsWzLK86an17s=",
        "owner": "NixOS",
        "repo": "nixpkgs",
        "rev": "96529364b14e30c4095ad6a53c22c6efa7df559f",
        "type": "github"
      },
      "original": {
        "owner": "NixOS",
        "ref": "master",
        "repo": "nixpkgs",
        "type": "github"
      }
    },
    "nixpkgs_2": {
      "locked": {
        "lastModified": 1665296151,
        "narHash": "sha256-uOB0oxqxN9K7XGF1hcnY+PQnlQJ+3bP2vCn/+Ru/bbc=",
        "owner": "NixOS",
        "repo": "nixpkgs",
        "rev": "14ccaaedd95a488dd7ae142757884d8e125b3363",
        "type": "github"
      },
      "original": {
        "owner": "NixOS",
        "ref": "nixpkgs-unstable",
        "repo": "nixpkgs",
        "type": "github"
      }
    },
    "root": {
      "inputs": {
        "flake-utils": "flake-utils",
        "nixpkgs": "nixpkgs",
        "nixpkgs-unstable": "nixpkgs-unstable",
        "rust-overlay": "rust-overlay"
      }
    },
    "rust-overlay": {
      "inputs": {
        "flake-utils": "flake-utils_2",
        "nixpkgs": "nixpkgs_2"
      },
      "locked": {
        "lastModified": 1680920135,
        "narHash": "sha256-xv80G71FOq5s1KJLQpl9jg1j4T4LKHdQ/cohVpdoaqc=",
        "owner": "oxalica",
        "repo": "rust-overlay",
        "rev": "b1143156282932e78ecf168441c636c1676d904f",
        "type": "github"
      },
      "original": {
        "owner": "oxalica",
        "repo": "rust-overlay",
        "type": "github"
      }
    }
  },
  "root": "root",
  "version": 7
}
